// !$*UTF8*$!
{
	archiveVersion = 1;
	classes = {
	};
	objectVersion = 56;
	objects = {

/* Begin PBXBuildFile section */
		A43A11512B1A75B90055FC4A /* AppDelegate.swift in Sources */ = {isa = PBXBuildFile; fileRef = A43A11502B1A75B90055FC4A /* AppDelegate.swift */; };
		A43A11532B1A75B90055FC4A /* SceneDelegate.swift in Sources */ = {isa = PBXBuildFile; fileRef = A43A11522B1A75B90055FC4A /* SceneDelegate.swift */; };
		A43A11552B1A75B90055FC4A /* CactusViewController.swift in Sources */ = {isa = PBXBuildFile; fileRef = A43A11542B1A75B90055FC4A /* CactusViewController.swift */; };
		A43A11582B1A75B90055FC4A /* Main.storyboard in Resources */ = {isa = PBXBuildFile; fileRef = A43A11562B1A75B90055FC4A /* Main.storyboard */; };
		A43A115A2B1A75BC0055FC4A /* Assets.xcassets in Resources */ = {isa = PBXBuildFile; fileRef = A43A11592B1A75BC0055FC4A /* Assets.xcassets */; };
		A43A115D2B1A75BC0055FC4A /* LaunchScreen.storyboard in Resources */ = {isa = PBXBuildFile; fileRef = A43A115B2B1A75BC0055FC4A /* LaunchScreen.storyboard */; };
		A43A11672B1A7F6D0055FC4A /* OtherViewController.swift in Sources */ = {isa = PBXBuildFile; fileRef = A43A11662B1A7F6D0055FC4A /* OtherViewController.swift */; };
/* End PBXBuildFile section */

/* Begin PBXFileReference section */
		A43A114D2B1A75B90055FC4A /* SwiftCertification.app */ = {isa = PBXFileReference; explicitFileType = wrapper.application; includeInIndex = 0; path = SwiftCertification.app; sourceTree = BUILT_PRODUCTS_DIR; };
		A43A11502B1A75B90055FC4A /* AppDelegate.swift */ = {isa = PBXFileReference; lastKnownFileType = sourcecode.swift; path = AppDelegate.swift; sourceTree = "<group>"; };
		A43A11522B1A75B90055FC4A /* SceneDelegate.swift */ = {isa = PBXFileReference; lastKnownFileType = sourcecode.swift; path = SceneDelegate.swift; sourceTree = "<group>"; };
		A43A11542B1A75B90055FC4A /* CactusViewController.swift */ = {isa = PBXFileReference; lastKnownFileType = sourcecode.swift; path = CactusViewController.swift; sourceTree = "<group>"; };
		A43A11572B1A75B90055FC4A /* Base */ = {isa = PBXFileReference; lastKnownFileType = file.storyboard; name = Base; path = Base.lproj/Main.storyboard; sourceTree = "<group>"; };
		A43A11592B1A75BC0055FC4A /* Assets.xcassets */ = {isa = PBXFileReference; lastKnownFileType = folder.assetcatalog; path = Assets.xcassets; sourceTree = "<group>"; };
		A43A115C2B1A75BC0055FC4A /* Base */ = {isa = PBXFileReference; lastKnownFileType = file.storyboard; name = Base; path = Base.lproj/LaunchScreen.storyboard; sourceTree = "<group>"; };
		A43A115E2B1A75BC0055FC4A /* Info.plist */ = {isa = PBXFileReference; lastKnownFileType = text.plist.xml; path = Info.plist; sourceTree = "<group>"; };
		A43A11662B1A7F6D0055FC4A /* OtherViewController.swift */ = {isa = PBXFileReference; lastKnownFileType = sourcecode.swift; path = OtherViewController.swift; sourceTree = "<group>"; };
/* End PBXFileReference section */

/* Begin PBXFrameworksBuildPhase section */
		A43A114A2B1A75B90055FC4A /* Frameworks */ = {
			isa = PBXFrameworksBuildPhase;
			buildActionMask = 2147483647;
			files = (
			);
			runOnlyForDeploymentPostprocessing = 0;
		};
/* End PBXFrameworksBuildPhase section */

/* Begin PBXGroup section */
		A43A11442B1A75B90055FC4A = {
			isa = PBXGroup;
			children = (
				A43A114F2B1A75B90055FC4A /* SwiftCertification */,
				A43A114E2B1A75B90055FC4A /* Products */,
			);
			sourceTree = "<group>";
		};
		A43A114E2B1A75B90055FC4A /* Products */ = {
			isa = PBXGroup;
			children = (
				A43A114D2B1A75B90055FC4A /* SwiftCertification.app */,
			);
			name = Products;
			sourceTree = "<group>";
		};
		A43A114F2B1A75B90055FC4A /* SwiftCertification */ = {
			isa = PBXGroup;
			children = (
				A43A11642B1A75E80055FC4A /* Resources */,
				A43A11542B1A75B90055FC4A /* CactusViewController.swift */,
				A43A11652B1A76200055FC4A /* View */,
				A43A11662B1A7F6D0055FC4A /* OtherViewController.swift */,
			);
			path = SwiftCertification;
			sourceTree = "<group>";
		};
		A43A11642B1A75E80055FC4A /* Resources */ = {
			isa = PBXGroup;
			children = (
				A43A11502B1A75B90055FC4A /* AppDelegate.swift */,
				A43A11522B1A75B90055FC4A /* SceneDelegate.swift */,
				A43A11592B1A75BC0055FC4A /* Assets.xcassets */,
				A43A115E2B1A75BC0055FC4A /* Info.plist */,
			);
			path = Resources;
			sourceTree = "<group>";
		};
		A43A11652B1A76200055FC4A /* View */ = {
			isa = PBXGroup;
			children = (
				A43A11562B1A75B90055FC4A /* Main.storyboard */,
				A43A115B2B1A75BC0055FC4A /* LaunchScreen.storyboard */,
			);
			path = View;
			sourceTree = "<group>";
		};
/* End PBXGroup section */

/* Begin PBXNativeTarget section */
		A43A114C2B1A75B90055FC4A /* SwiftCertification */ = {
			isa = PBXNativeTarget;
			buildConfigurationList = A43A11612B1A75BC0055FC4A /* Build configuration list for PBXNativeTarget "SwiftCertification" */;
			buildPhases = (
				A43A11492B1A75B90055FC4A /* Sources */,
				A43A114A2B1A75B90055FC4A /* Frameworks */,
				A43A114B2B1A75B90055FC4A /* Resources */,
			);
			buildRules = (
			);
			dependencies = (
			);
			name = SwiftCertification;
			productName = SwiftCertification;
			productReference = A43A114D2B1A75B90055FC4A /* SwiftCertification.app */;
			productType = "com.apple.product-type.application";
		};
/* End PBXNativeTarget section */

/* Begin PBXProject section */
		A43A11452B1A75B90055FC4A /* Project object */ = {
			isa = PBXProject;
			attributes = {
				BuildIndependentTargetsInParallel = 1;
				LastSwiftUpdateCheck = 1500;
				LastUpgradeCheck = 1500;
				TargetAttributes = {
					A43A114C2B1A75B90055FC4A = {
						CreatedOnToolsVersion = 15.0.1;
					};
				};
			};
			buildConfigurationList = A43A11482B1A75B90055FC4A /* Build configuration list for PBXProject "SwiftCertification" */;
			compatibilityVersion = "Xcode 14.0";
			developmentRegion = en;
			hasScannedForEncodings = 0;
			knownRegions = (
				en,
				Base,
			);
			mainGroup = A43A11442B1A75B90055FC4A;
			productRefGroup = A43A114E2B1A75B90055FC4A /* Products */;
			projectDirPath = "";
			projectRoot = "";
			targets = (
				A43A114C2B1A75B90055FC4A /* SwiftCertification */,
			);
		};
/* End PBXProject section */

/* Begin PBXResourcesBuildPhase section */
		A43A114B2B1A75B90055FC4A /* Resources */ = {
			isa = PBXResourcesBuildPhase;
			buildActionMask = 2147483647;
			files = (
				A43A115D2B1A75BC0055FC4A /* LaunchScreen.storyboard in Resources */,
				A43A115A2B1A75BC0055FC4A /* Assets.xcassets in Resources */,
				A43A11582B1A75B90055FC4A /* Main.storyboard in Resources */,
			);
			runOnlyForDeploymentPostprocessing = 0;
		};
/* End PBXResourcesBuildPhase section */

/* Begin PBXSourcesBuildPhase section */
		A43A11492B1A75B90055FC4A /* Sources */ = {
			isa = PBXSourcesBuildPhase;
			buildActionMask = 2147483647;
			files = (
				A43A11552B1A75B90055FC4A /* CactusViewController.swift in Sources */,
				A43A11672B1A7F6D0055FC4A /* OtherViewController.swift in Sources */,
				A43A11512B1A75B90055FC4A /* AppDelegate.swift in Sources */,
				A43A11532B1A75B90055FC4A /* SceneDelegate.swift in Sources */,
			);
			runOnlyForDeploymentPostprocessing = 0;
		};
/* End PBXSourcesBuildPhase section */

/* Begin PBXVariantGroup section */
		A43A11562B1A75B90055FC4A /* Main.storyboard */ = {
			isa = PBXVariantGroup;
			children = (
				A43A11572B1A75B90055FC4A /* Base */,
			);
			name = Main.storyboard;
			sourceTree = "<group>";
		};
		A43A115B2B1A75BC0055FC4A /* LaunchScreen.storyboard */ = {
			isa = PBXVariantGroup;
			children = (
				A43A115C2B1A75BC0055FC4A /* Base */,
			);
			name = LaunchScreen.storyboard;
			sourceTree = "<group>";
		};
/* End PBXVariantGroup section */

/* Begin XCBuildConfiguration section */
		A43A115F2B1A75BC0055FC4A /* Debug */ = {
			isa = XCBuildConfiguration;
			buildSettings = {
				ALWAYS_SEARCH_USER_PATHS = NO;
				ASSETCATALOG_COMPILER_GENERATE_SWIFT_ASSET_SYMBOL_EXTENSIONS = YES;
				CLANG_ANALYZER_NONNULL = YES;
				CLANG_ANALYZER_NUMBER_OBJECT_CONVERSION = YES_AGGRESSIVE;
				CLANG_CXX_LANGUAGE_STANDARD = "gnu++20";
				CLANG_ENABLE_MODULES = YES;
				CLANG_ENABLE_OBJC_ARC = YES;
				CLANG_ENABLE_OBJC_WEAK = YES;
				CLANG_WARN_BLOCK_CAPTURE_AUTORELEASING = YES;
				CLANG_WARN_BOOL_CONVERSION = YES;
				CLANG_WARN_COMMA = YES;
				CLANG_WARN_CONSTANT_CONVERSION = YES;
				CLANG_WARN_DEPRECATED_OBJC_IMPLEMENTATIONS = YES;
				CLANG_WARN_DIRECT_OBJC_ISA_USAGE = YES_ERROR;
				CLANG_WARN_DOCUMENTATION_COMMENTS = YES;
				CLANG_WARN_EMPTY_BODY = YES;
				CLANG_WARN_ENUM_CONVERSION = YES;
				CLANG_WARN_INFINITE_RECURSION = YES;
				CLANG_WARN_INT_CONVERSION = YES;
				CLANG_WARN_NON_LITERAL_NULL_CONVERSION = YES;
				CLANG_WARN_OBJC_IMPLICIT_RETAIN_SELF = YES;
				CLANG_WARN_OBJC_LITERAL_CONVERSION = YES;
				CLANG_WARN_OBJC_ROOT_CLASS = YES_ERROR;
				CLANG_WARN_QUOTED_INCLUDE_IN_FRAMEWORK_HEADER = YES;
				CLANG_WARN_RANGE_LOOP_ANALYSIS = YES;
				CLANG_WARN_STRICT_PROTOTYPES = YES;
				CLANG_WARN_SUSPICIOUS_MOVE = YES;
				CLANG_WARN_UNGUARDED_AVAILABILITY = YES_AGGRESSIVE;
				CLANG_WARN_UNREACHABLE_CODE = YES;
				CLANG_WARN__DUPLICATE_METHOD_MATCH = YES;
				COPY_PHASE_STRIP = NO;
				DEBUG_INFORMATION_FORMAT = dwarf;
				ENABLE_STRICT_OBJC_MSGSEND = YES;
				ENABLE_TESTABILITY = YES;
				ENABLE_USER_SCRIPT_SANDBOXING = YES;
				GCC_C_LANGUAGE_STANDARD = gnu17;
				GCC_DYNAMIC_NO_PIC = NO;
				GCC_NO_COMMON_BLOCKS = YES;
				GCC_OPTIMIZATION_LEVEL = 0;
				GCC_PREPROCESSOR_DEFINITIONS = (
					"DEBUG=1",
					"$(inherited)",
				);
				GCC_WARN_64_TO_32_BIT_CONVERSION = YES;
				GCC_WARN_ABOUT_RETURN_TYPE = YES_ERROR;
				GCC_WARN_UNDECLARED_SELECTOR = YES;
				GCC_WARN_UNINITIALIZED_AUTOS = YES_AGGRESSIVE;
				GCC_WARN_UNUSED_FUNCTION = YES;
				GCC_WARN_UNUSED_VARIABLE = YES;
				IPHONEOS_DEPLOYMENT_TARGET = 17.0;
				LOCALIZATION_PREFERS_STRING_CATALOGS = YES;
				MTL_ENABLE_DEBUG_INFO = INCLUDE_SOURCE;
				MTL_FAST_MATH = YES;
				ONLY_ACTIVE_ARCH = YES;
				SDKROOT = iphoneos;
				SWIFT_ACTIVE_COMPILATION_CONDITIONS = "DEBUG $(inherited)";
				SWIFT_OPTIMIZATION_LEVEL = "-Onone";
			};
			name = Debug;
		};
		A43A11602B1A75BC0055FC4A /* Release */ = {
			isa = XCBuildConfiguration;
			buildSettings = {
				ALWAYS_SEARCH_USER_PATHS = NO;
				ASSETCATALOG_COMPILER_GENERATE_SWIFT_ASSET_SYMBOL_EXTENSIONS = YES;
				CLANG_ANALYZER_NONNULL = YES;
				CLANG_ANALYZER_NUMBER_OBJECT_CONVERSION = YES_AGGRESSIVE;
				CLANG_CXX_LANGUAGE_STANDARD = "gnu++20";
				CLANG_ENABLE_MODULES = YES;
				CLANG_ENABLE_OBJC_ARC = YES;
				CLANG_ENABLE_OBJC_WEAK = YES;
				CLANG_WARN_BLOCK_CAPTURE_AUTORELEASING = YES;
				CLANG_WARN_BOOL_CONVERSION = YES;
				CLANG_WARN_COMMA = YES;
				CLANG_WARN_CONSTANT_CONVERSION = YES;
				CLANG_WARN_DEPRECATED_OBJC_IMPLEMENTATIONS = YES;
				CLANG_WARN_DIRECT_OBJC_ISA_USAGE = YES_ERROR;
				CLANG_WARN_DOCUMENTATION_COMMENTS = YES;
				CLANG_WARN_EMPTY_BODY = YES;
				CLANG_WARN_ENUM_CONVERSION = YES;
				CLANG_WARN_INFINITE_RECURSION = YES;
				CLANG_WARN_INT_CONVERSION = YES;
				CLANG_WARN_NON_LITERAL_NULL_CONVERSION = YES;
				CLANG_WARN_OBJC_IMPLICIT_RETAIN_SELF = YES;
				CLANG_WARN_OBJC_LITERAL_CONVERSION = YES;
				CLANG_WARN_OBJC_ROOT_CLASS = YES_ERROR;
				CLANG_WARN_QUOTED_INCLUDE_IN_FRAMEWORK_HEADER = YES;
				CLANG_WARN_RANGE_LOOP_ANALYSIS = YES;
				CLANG_WARN_STRICT_PROTOTYPES = YES;
				CLANG_WARN_SUSPICIOUS_MOVE = YES;
				CLANG_WARN_UNGUARDED_AVAILABILITY = YES_AGGRESSIVE;
				CLANG_WARN_UNREACHABLE_CODE = YES;
				CLANG_WARN__DUPLICATE_METHOD_MATCH = YES;
				COPY_PHASE_STRIP = NO;
				DEBUG_INFORMATION_FORMAT = "dwarf-with-dsym";
				ENABLE_NS_ASSERTIONS = NO;
				ENABLE_STRICT_OBJC_MSGSEND = YES;
				ENABLE_USER_SCRIPT_SANDBOXING = YES;
				GCC_C_LANGUAGE_STANDARD = gnu17;
				GCC_NO_COMMON_BLOCKS = YES;
				GCC_WARN_64_TO_32_BIT_CONVERSION = YES;
				GCC_WARN_ABOUT_RETURN_TYPE = YES_ERROR;
				GCC_WARN_UNDECLARED_SELECTOR = YES;
				GCC_WARN_UNINITIALIZED_AUTOS = YES_AGGRESSIVE;
				GCC_WARN_UNUSED_FUNCTION = YES;
				GCC_WARN_UNUSED_VARIABLE = YES;
				IPHONEOS_DEPLOYMENT_TARGET = 17.0;
				LOCALIZATION_PREFERS_STRING_CATALOGS = YES;
				MTL_ENABLE_DEBUG_INFO = NO;
				MTL_FAST_MATH = YES;
				SDKROOT = iphoneos;
				SWIFT_COMPILATION_MODE = wholemodule;
				VALIDATE_PRODUCT = YES;
			};
			name = Release;
		};
		A43A11622B1A75BC0055FC4A /* Debug */ = {
			isa = XCBuildConfiguration;
			buildSettings = {
				ASSETCATALOG_COMPILER_APPICON_NAME = AppIcon;
				ASSETCATALOG_COMPILER_GLOBAL_ACCENT_COLOR_NAME = AccentColor;
				CODE_SIGN_STYLE = Automatic;
				CURRENT_PROJECT_VERSION = 1;
				DEVELOPMENT_TEAM = 98LJQN23KF;
				GENERATE_INFOPLIST_FILE = YES;
				INFOPLIST_FILE = SwiftCertification/Resources/Info.plist;
				INFOPLIST_KEY_UIApplicationSupportsIndirectInputEvents = YES;
				INFOPLIST_KEY_UILaunchStoryboardName = LaunchScreen;
				INFOPLIST_KEY_UIMainStoryboardFile = Main;
				INFOPLIST_KEY_UISupportedInterfaceOrientations_iPad = "UIInterfaceOrientationPortrait UIInterfaceOrientationPortraitUpsideDown UIInterfaceOrientationLandscapeLeft UIInterfaceOrientationLandscapeRight";
				INFOPLIST_KEY_UISupportedInterfaceOrientations_iPhone = "UIInterfaceOrientationPortrait UIInterfaceOrientationLandscapeLeft UIInterfaceOrientationLandscapeRight";
				LD_RUNPATH_SEARCH_PATHS = (
					"$(inherited)",
					"@executable_path/Frameworks",
				);
				MARKETING_VERSION = 1.0;
				PRODUCT_BUNDLE_IDENTIFIER = Cody.CTEC.SwiftCertification;
				PRODUCT_NAME = "$(TARGET_NAME)";
				SWIFT_EMIT_LOC_STRINGS = YES;
				SWIFT_VERSION = 5.0;
				TARGETED_DEVICE_FAMILY = "1,2";
			};
			name = Debug;
		};
		A43A11632B1A75BC0055FC4A /* Release */ = {
			isa = XCBuildConfiguration;
			buildSettings = {
				ASSETCATALOG_COMPILER_APPICON_NAME = AppIcon;
				ASSETCATALOG_COMPILER_GLOBAL_ACCENT_COLOR_NAME = AccentColor;
				CODE_SIGN_STYLE = Automatic;
				CURRENT_PROJECT_VERSION = 1;
				DEVELOPMENT_TEAM = 98LJQN23KF;
				GENERATE_INFOPLIST_FILE = YES;
				INFOPLIST_FILE = SwiftCertification/Resources/Info.plist;
				INFOPLIST_KEY_UIApplicationSupportsIndirectInputEvents = YES;
				INFOPLIST_KEY_UILaunchStoryboardName = LaunchScreen;
				INFOPLIST_KEY_UIMainStoryboardFile = Main;
				INFOPLIST_KEY_UISupportedInterfaceOrientations_iPad = "UIInterfaceOrientationPortrait UIInterfaceOrientationPortraitUpsideDown UIInterfaceOrientationLandscapeLeft UIInterfaceOrientationLandscapeRight";
				INFOPLIST_KEY_UISupportedInterfaceOrientations_iPhone = "UIInterfaceOrientationPortrait UIInterfaceOrientationLandscapeLeft UIInterfaceOrientationLandscapeRight";
				LD_RUNPATH_SEARCH_PATHS = (
					"$(inherited)",
					"@executable_path/Frameworks",
				);
				MARKETING_VERSION = 1.0;
				PRODUCT_BUNDLE_IDENTIFIER = Cody.CTEC.SwiftCertification;
				PRODUCT_NAME = "$(TARGET_NAME)";
				SWIFT_EMIT_LOC_STRINGS = YES;
				SWIFT_VERSION = 5.0;
				TARGETED_DEVICE_FAMILY = "1,2";
			};
			name = Release;
		};
/* End XCBuildConfiguration section */

/* Begin XCConfigurationList section */
		A43A11482B1A75B90055FC4A /* Build configuration list for PBXProject "SwiftCertification" */ = {
			isa = XCConfigurationList;
			buildConfigurations = (
				A43A115F2B1A75BC0055FC4A /* Debug */,
				A43A11602B1A75BC0055FC4A /* Release */,
			);
			defaultConfigurationIsVisible = 0;
			defaultConfigurationName = Release;
		};
		A43A11612B1A75BC0055FC4A /* Build configuration list for PBXNativeTarget "SwiftCertification" */ = {
			isa = XCConfigurationList;
			buildConfigurations = (
				A43A11622B1A75BC0055FC4A /* Debug */,
				A43A11632B1A75BC0055FC4A /* Release */,
			);
			defaultConfigurationIsVisible = 0;
			defaultConfigurationName = Release;
		};
/* End XCConfigurationList section */
	};
	rootObject = A43A11452B1A75B90055FC4A /* Project object */;
}
